// !$*UTF8*$!
{
	archiveVersion = 1;
	classes = {
	};
	objectVersion = 52;
	objects = {

/* Begin PBXBuildFile section */
		3015DA5423F2FB16002DD19D /* CardViewController.swift in Sources */ = {isa = PBXBuildFile; fileRef = 3015DA5323F2FB16002DD19D /* CardViewController.swift */; };
		3015DA5623F2FB3E002DD19D /* CreateViewController.swift in Sources */ = {isa = PBXBuildFile; fileRef = 3015DA5523F2FB3E002DD19D /* CreateViewController.swift */; };
		3015DA5823F2FB7A002DD19D /* SearchViewController.swift in Sources */ = {isa = PBXBuildFile; fileRef = 3015DA5723F2FB7A002DD19D /* SearchViewController.swift */; };
		3015DA5B23F2FBD1002DD19D /* CardView.swift in Sources */ = {isa = PBXBuildFile; fileRef = 3015DA5A23F2FBD1002DD19D /* CardView.swift */; };
		3015DA5D23F2FBEB002DD19D /* CreateView.swift in Sources */ = {isa = PBXBuildFile; fileRef = 3015DA5C23F2FBEB002DD19D /* CreateView.swift */; };
		3015DA5F23F2FBFA002DD19D /* SearchView.swift in Sources */ = {isa = PBXBuildFile; fileRef = 3015DA5E23F2FBFA002DD19D /* SearchView.swift */; };
		3015DA6223F3012B002DD19D /* EmptyView.swift in Sources */ = {isa = PBXBuildFile; fileRef = 3015DA6123F3012B002DD19D /* EmptyView.swift */; };
		3015DA6423F30203002DD19D /* Model.swift in Sources */ = {isa = PBXBuildFile; fileRef = 3015DA6323F30203002DD19D /* Model.swift */; };
		3015DA6623F30370002DD19D /* APIClient.swift in Sources */ = {isa = PBXBuildFile; fileRef = 3015DA6523F30370002DD19D /* APIClient.swift */; };
		3015DA6923F304DF002DD19D /* ImageKit in Frameworks */ = {isa = PBXBuildFile; productRef = 3015DA6823F304DF002DD19D /* ImageKit */; };
		3015DA6D23F320A3002DD19D /* CardCell.swift in Sources */ = {isa = PBXBuildFile; fileRef = 3015DA6C23F320A3002DD19D /* CardCell.swift */; };
		3015DA6F23F32625002DD19D /* SearchCell.swift in Sources */ = {isa = PBXBuildFile; fileRef = 3015DA6E23F32625002DD19D /* SearchCell.swift */; };
		3015DA7123F32BA8002DD19D /* CardData.json in Resources */ = {isa = PBXBuildFile; fileRef = 3015DA7023F32BA8002DD19D /* CardData.json */; };
		3015DA7323F3343F002DD19D /* LocalAPIClient.swift in Sources */ = {isa = PBXBuildFile; fileRef = 3015DA7223F3343F002DD19D /* LocalAPIClient.swift */; };
		3015DA7523F33DB4002DD19D /* DataManager.swift in Sources */ = {isa = PBXBuildFile; fileRef = 3015DA7423F33DB4002DD19D /* DataManager.swift */; };
		3015DA7723F34F34002DD19D /* CardDetail.swift in Sources */ = {isa = PBXBuildFile; fileRef = 3015DA7623F34F34002DD19D /* CardDetail.swift */; };
		3015DA7B23F34FC9002DD19D /* CardDetailViewController.swift in Sources */ = {isa = PBXBuildFile; fileRef = 3015DA7A23F34FC9002DD19D /* CardDetailViewController.swift */; };
		3015DA7E23F35650002DD19D /* DetailCell.swift in Sources */ = {isa = PBXBuildFile; fileRef = 3015DA7D23F35650002DD19D /* DetailCell.swift */; };
		3015DAAE23F36305002DD19D /* showAlert.swift in Sources */ = {isa = PBXBuildFile; fileRef = 3015DAAD23F36305002DD19D /* showAlert.swift */; };
		5790239823F2EE39000AA216 /* AppDelegate.swift in Sources */ = {isa = PBXBuildFile; fileRef = 5790239723F2EE39000AA216 /* AppDelegate.swift */; };
		5790239A23F2EE39000AA216 /* SceneDelegate.swift in Sources */ = {isa = PBXBuildFile; fileRef = 5790239923F2EE39000AA216 /* SceneDelegate.swift */; };
		5790239C23F2EE39000AA216 /* TabBarController.swift in Sources */ = {isa = PBXBuildFile; fileRef = 5790239B23F2EE39000AA216 /* TabBarController.swift */; };
		579023A123F2EE3B000AA216 /* Assets.xcassets in Resources */ = {isa = PBXBuildFile; fileRef = 579023A023F2EE3B000AA216 /* Assets.xcassets */; };
		579023A423F2EE3B000AA216 /* LaunchScreen.storyboard in Resources */ = {isa = PBXBuildFile; fileRef = 579023A223F2EE3B000AA216 /* LaunchScreen.storyboard */; };
		579023AF23F2EE3B000AA216 /* Unit4AssessmentTests.swift in Sources */ = {isa = PBXBuildFile; fileRef = 579023AE23F2EE3B000AA216 /* Unit4AssessmentTests.swift */; };
/* End PBXBuildFile section */

/* Begin PBXContainerItemProxy section */
		579023AB23F2EE3B000AA216 /* PBXContainerItemProxy */ = {
			isa = PBXContainerItemProxy;
			containerPortal = 5790238C23F2EE39000AA216 /* Project object */;
			proxyType = 1;
			remoteGlobalIDString = 5790239323F2EE39000AA216;
			remoteInfo = Unit4Assessment;
		};
/* End PBXContainerItemProxy section */

/* Begin PBXFileReference section */
		3015DA5323F2FB16002DD19D /* CardViewController.swift */ = {isa = PBXFileReference; lastKnownFileType = sourcecode.swift; path = CardViewController.swift; sourceTree = "<group>"; };
		3015DA5523F2FB3E002DD19D /* CreateViewController.swift */ = {isa = PBXFileReference; lastKnownFileType = sourcecode.swift; path = CreateViewController.swift; sourceTree = "<group>"; };
		3015DA5723F2FB7A002DD19D /* SearchViewController.swift */ = {isa = PBXFileReference; lastKnownFileType = sourcecode.swift; path = SearchViewController.swift; sourceTree = "<group>"; };
		3015DA5A23F2FBD1002DD19D /* CardView.swift */ = {isa = PBXFileReference; lastKnownFileType = sourcecode.swift; path = CardView.swift; sourceTree = "<group>"; };
		3015DA5C23F2FBEB002DD19D /* CreateView.swift */ = {isa = PBXFileReference; lastKnownFileType = sourcecode.swift; path = CreateView.swift; sourceTree = "<group>"; };
		3015DA5E23F2FBFA002DD19D /* SearchView.swift */ = {isa = PBXFileReference; lastKnownFileType = sourcecode.swift; path = SearchView.swift; sourceTree = "<group>"; };
		3015DA6123F3012B002DD19D /* EmptyView.swift */ = {isa = PBXFileReference; lastKnownFileType = sourcecode.swift; path = EmptyView.swift; sourceTree = "<group>"; };
		3015DA6323F30203002DD19D /* Model.swift */ = {isa = PBXFileReference; lastKnownFileType = sourcecode.swift; path = Model.swift; sourceTree = "<group>"; };
		3015DA6523F30370002DD19D /* APIClient.swift */ = {isa = PBXFileReference; lastKnownFileType = sourcecode.swift; path = APIClient.swift; sourceTree = "<group>"; };
		3015DA6C23F320A3002DD19D /* CardCell.swift */ = {isa = PBXFileReference; lastKnownFileType = sourcecode.swift; path = CardCell.swift; sourceTree = "<group>"; };
		3015DA6E23F32625002DD19D /* SearchCell.swift */ = {isa = PBXFileReference; lastKnownFileType = sourcecode.swift; path = SearchCell.swift; sourceTree = "<group>"; };
		3015DA7023F32BA8002DD19D /* CardData.json */ = {isa = PBXFileReference; lastKnownFileType = text.json; path = CardData.json; sourceTree = "<group>"; };
		3015DA7223F3343F002DD19D /* LocalAPIClient.swift */ = {isa = PBXFileReference; lastKnownFileType = sourcecode.swift; path = LocalAPIClient.swift; sourceTree = "<group>"; };
		3015DA7423F33DB4002DD19D /* DataManager.swift */ = {isa = PBXFileReference; lastKnownFileType = sourcecode.swift; path = DataManager.swift; sourceTree = "<group>"; };
		3015DA7623F34F34002DD19D /* CardDetail.swift */ = {isa = PBXFileReference; lastKnownFileType = sourcecode.swift; path = CardDetail.swift; sourceTree = "<group>"; };
		3015DA7A23F34FC9002DD19D /* CardDetailViewController.swift */ = {isa = PBXFileReference; lastKnownFileType = sourcecode.swift; path = CardDetailViewController.swift; sourceTree = "<group>"; };
		3015DA7D23F35650002DD19D /* DetailCell.swift */ = {isa = PBXFileReference; lastKnownFileType = sourcecode.swift; path = DetailCell.swift; sourceTree = "<group>"; };
		3015DAAD23F36305002DD19D /* showAlert.swift */ = {isa = PBXFileReference; lastKnownFileType = sourcecode.swift; path = showAlert.swift; sourceTree = "<group>"; };
		5790239423F2EE39000AA216 /* Unit4Assessment.app */ = {isa = PBXFileReference; explicitFileType = wrapper.application; includeInIndex = 0; path = Unit4Assessment.app; sourceTree = BUILT_PRODUCTS_DIR; };
		5790239723F2EE39000AA216 /* AppDelegate.swift */ = {isa = PBXFileReference; lastKnownFileType = sourcecode.swift; path = AppDelegate.swift; sourceTree = "<group>"; };
		5790239923F2EE39000AA216 /* SceneDelegate.swift */ = {isa = PBXFileReference; lastKnownFileType = sourcecode.swift; path = SceneDelegate.swift; sourceTree = "<group>"; };
		5790239B23F2EE39000AA216 /* TabBarController.swift */ = {isa = PBXFileReference; lastKnownFileType = sourcecode.swift; path = TabBarController.swift; sourceTree = "<group>"; };
		579023A023F2EE3B000AA216 /* Assets.xcassets */ = {isa = PBXFileReference; lastKnownFileType = folder.assetcatalog; path = Assets.xcassets; sourceTree = "<group>"; };
		579023A323F2EE3B000AA216 /* Base */ = {isa = PBXFileReference; lastKnownFileType = file.storyboard; name = Base; path = Base.lproj/LaunchScreen.storyboard; sourceTree = "<group>"; };
		579023A523F2EE3B000AA216 /* Info.plist */ = {isa = PBXFileReference; lastKnownFileType = text.plist.xml; path = Info.plist; sourceTree = "<group>"; };
		579023AA23F2EE3B000AA216 /* Unit4AssessmentTests.xctest */ = {isa = PBXFileReference; explicitFileType = wrapper.cfbundle; includeInIndex = 0; path = Unit4AssessmentTests.xctest; sourceTree = BUILT_PRODUCTS_DIR; };
		579023AE23F2EE3B000AA216 /* Unit4AssessmentTests.swift */ = {isa = PBXFileReference; lastKnownFileType = sourcecode.swift; path = Unit4AssessmentTests.swift; sourceTree = "<group>"; };
		579023B023F2EE3B000AA216 /* Info.plist */ = {isa = PBXFileReference; lastKnownFileType = text.plist.xml; path = Info.plist; sourceTree = "<group>"; };
/* End PBXFileReference section */

/* Begin PBXFrameworksBuildPhase section */
		5790239123F2EE39000AA216 /* Frameworks */ = {
			isa = PBXFrameworksBuildPhase;
			buildActionMask = 2147483647;
			files = (
				3015DA6923F304DF002DD19D /* ImageKit in Frameworks */,
			);
			runOnlyForDeploymentPostprocessing = 0;
		};
		579023A723F2EE3B000AA216 /* Frameworks */ = {
			isa = PBXFrameworksBuildPhase;
			buildActionMask = 2147483647;
			files = (
			);
			runOnlyForDeploymentPostprocessing = 0;
		};
/* End PBXFrameworksBuildPhase section */

/* Begin PBXGroup section */
		3015DA5923F2FBA4002DD19D /* Controllers */ = {
			isa = PBXGroup;
			children = (
				5790239B23F2EE39000AA216 /* TabBarController.swift */,
				3015DA5323F2FB16002DD19D /* CardViewController.swift */,
				3015DA7A23F34FC9002DD19D /* CardDetailViewController.swift */,
				3015DA5523F2FB3E002DD19D /* CreateViewController.swift */,
				3015DA5723F2FB7A002DD19D /* SearchViewController.swift */,
			);
			path = Controllers;
			sourceTree = "<group>";
		};
		3015DA6023F2FC00002DD19D /* View */ = {
			isa = PBXGroup;
			children = (
				3015DA7C23F353FC002DD19D /* Cell */,
				3015DA5A23F2FBD1002DD19D /* CardView.swift */,
				3015DA7623F34F34002DD19D /* CardDetail.swift */,
				3015DA5E23F2FBFA002DD19D /* SearchView.swift */,
				3015DA5C23F2FBEB002DD19D /* CreateView.swift */,
				3015DA6123F3012B002DD19D /* EmptyView.swift */,
			);
			path = View;
			sourceTree = "<group>";
		};
		3015DA7C23F353FC002DD19D /* Cell */ = {
			isa = PBXGroup;
			children = (
				3015DA6C23F320A3002DD19D /* CardCell.swift */,
				3015DA6E23F32625002DD19D /* SearchCell.swift */,
				3015DA7D23F35650002DD19D /* DetailCell.swift */,
			);
			path = Cell;
			sourceTree = "<group>";
		};
		5790238B23F2EE39000AA216 = {
			isa = PBXGroup;
			children = (
				5790239623F2EE39000AA216 /* Unit4Assessment */,
				579023AD23F2EE3B000AA216 /* Unit4AssessmentTests */,
				5790239523F2EE39000AA216 /* Products */,
			);
			sourceTree = "<group>";
		};
		5790239523F2EE39000AA216 /* Products */ = {
			isa = PBXGroup;
			children = (
				5790239423F2EE39000AA216 /* Unit4Assessment.app */,
				579023AA23F2EE3B000AA216 /* Unit4AssessmentTests.xctest */,
			);
			name = Products;
			sourceTree = "<group>";
		};
		5790239623F2EE39000AA216 /* Unit4Assessment */ = {
			isa = PBXGroup;
			children = (
				5790239723F2EE39000AA216 /* AppDelegate.swift */,
				5790239923F2EE39000AA216 /* SceneDelegate.swift */,
				3015DA6323F30203002DD19D /* Model.swift */,
				3015DA6523F30370002DD19D /* APIClient.swift */,
				3015DA7223F3343F002DD19D /* LocalAPIClient.swift */,
				3015DA7423F33DB4002DD19D /* DataManager.swift */,
				3015DAAD23F36305002DD19D /* showAlert.swift */,
				3015DA7023F32BA8002DD19D /* CardData.json */,
				3015DA6023F2FC00002DD19D /* View */,
				3015DA5923F2FBA4002DD19D /* Controllers */,
				579023A023F2EE3B000AA216 /* Assets.xcassets */,
				579023A223F2EE3B000AA216 /* LaunchScreen.storyboard */,
				579023A523F2EE3B000AA216 /* Info.plist */,
			);
			path = Unit4Assessment;
			sourceTree = "<group>";
		};
		579023AD23F2EE3B000AA216 /* Unit4AssessmentTests */ = {
			isa = PBXGroup;
			children = (
				579023AE23F2EE3B000AA216 /* Unit4AssessmentTests.swift */,
				579023B023F2EE3B000AA216 /* Info.plist */,
			);
			path = Unit4AssessmentTests;
			sourceTree = "<group>";
		};
/* End PBXGroup section */

/* Begin PBXNativeTarget section */
		5790239323F2EE39000AA216 /* Unit4Assessment */ = {
			isa = PBXNativeTarget;
			buildConfigurationList = 579023B323F2EE3B000AA216 /* Build configuration list for PBXNativeTarget "Unit4Assessment" */;
			buildPhases = (
				5790239023F2EE39000AA216 /* Sources */,
				5790239123F2EE39000AA216 /* Frameworks */,
				5790239223F2EE39000AA216 /* Resources */,
			);
			buildRules = (
			);
			dependencies = (
			);
			name = Unit4Assessment;
			packageProductDependencies = (
				3015DA6823F304DF002DD19D /* ImageKit */,
			);
			productName = Unit4Assessment;
			productReference = 5790239423F2EE39000AA216 /* Unit4Assessment.app */;
			productType = "com.apple.product-type.application";
		};
		579023A923F2EE3B000AA216 /* Unit4AssessmentTests */ = {
			isa = PBXNativeTarget;
			buildConfigurationList = 579023B623F2EE3B000AA216 /* Build configuration list for PBXNativeTarget "Unit4AssessmentTests" */;
			buildPhases = (
				579023A623F2EE3B000AA216 /* Sources */,
				579023A723F2EE3B000AA216 /* Frameworks */,
				579023A823F2EE3B000AA216 /* Resources */,
			);
			buildRules = (
			);
			dependencies = (
				579023AC23F2EE3B000AA216 /* PBXTargetDependency */,
			);
			name = Unit4AssessmentTests;
			productName = Unit4AssessmentTests;
			productReference = 579023AA23F2EE3B000AA216 /* Unit4AssessmentTests.xctest */;
			productType = "com.apple.product-type.bundle.unit-test";
		};
/* End PBXNativeTarget section */

/* Begin PBXProject section */
		5790238C23F2EE39000AA216 /* Project object */ = {
			isa = PBXProject;
			attributes = {
				LastSwiftUpdateCheck = 1130;
				LastUpgradeCheck = 1130;
				ORGANIZATIONNAME = "Alex Paul";
				TargetAttributes = {
					5790239323F2EE39000AA216 = {
						CreatedOnToolsVersion = 11.3;
					};
					579023A923F2EE3B000AA216 = {
						CreatedOnToolsVersion = 11.3;
						TestTargetID = 5790239323F2EE39000AA216;
					};
				};
			};
			buildConfigurationList = 5790238F23F2EE39000AA216 /* Build configuration list for PBXProject "Unit4Assessment" */;
			compatibilityVersion = "Xcode 9.3";
			developmentRegion = en;
			hasScannedForEncodings = 0;
			knownRegions = (
				en,
				Base,
			);
			mainGroup = 5790238B23F2EE39000AA216;
			packageReferences = (
				3015DA6723F304DF002DD19D /* XCRemoteSwiftPackageReference "ImageKit" */,
			);
			productRefGroup = 5790239523F2EE39000AA216 /* Products */;
			projectDirPath = "";
			projectRoot = "";
			targets = (
				5790239323F2EE39000AA216 /* Unit4Assessment */,
				579023A923F2EE3B000AA216 /* Unit4AssessmentTests */,
			);
		};
/* End PBXProject section */

/* Begin PBXResourcesBuildPhase section */
		5790239223F2EE39000AA216 /* Resources */ = {
			isa = PBXResourcesBuildPhase;
			buildActionMask = 2147483647;
			files = (
				3015DA7123F32BA8002DD19D /* CardData.json in Resources */,
				579023A423F2EE3B000AA216 /* LaunchScreen.storyboard in Resources */,
				579023A123F2EE3B000AA216 /* Assets.xcassets in Resources */,
			);
			runOnlyForDeploymentPostprocessing = 0;
		};
		579023A823F2EE3B000AA216 /* Resources */ = {
			isa = PBXResourcesBuildPhase;
			buildActionMask = 2147483647;
			files = (
			);
			runOnlyForDeploymentPostprocessing = 0;
		};
/* End PBXResourcesBuildPhase section */

/* Begin PBXSourcesBuildPhase section */
		5790239023F2EE39000AA216 /* Sources */ = {
			isa = PBXSourcesBuildPhase;
			buildActionMask = 2147483647;
			files = (
				3015DA5B23F2FBD1002DD19D /* CardView.swift in Sources */,
				3015DA7523F33DB4002DD19D /* DataManager.swift in Sources */,
				3015DA7723F34F34002DD19D /* CardDetail.swift in Sources */,
				3015DAAE23F36305002DD19D /* showAlert.swift in Sources */,
				3015DA5F23F2FBFA002DD19D /* SearchView.swift in Sources */,
				3015DA5823F2FB7A002DD19D /* SearchViewController.swift in Sources */,
				3015DA6F23F32625002DD19D /* SearchCell.swift in Sources */,
				3015DA5D23F2FBEB002DD19D /* CreateView.swift in Sources */,
				3015DA7B23F34FC9002DD19D /* CardDetailViewController.swift in Sources */,
				3015DA5623F2FB3E002DD19D /* CreateViewController.swift in Sources */,
				3015DA5423F2FB16002DD19D /* CardViewController.swift in Sources */,
				3015DA6223F3012B002DD19D /* EmptyView.swift in Sources */,
				5790239C23F2EE39000AA216 /* TabBarController.swift in Sources */,
				3015DA6423F30203002DD19D /* Model.swift in Sources */,
				3015DA7323F3343F002DD19D /* LocalAPIClient.swift in Sources */,
				5790239823F2EE39000AA216 /* AppDelegate.swift in Sources */,
				5790239A23F2EE39000AA216 /* SceneDelegate.swift in Sources */,
				3015DA6D23F320A3002DD19D /* CardCell.swift in Sources */,
				3015DA7E23F35650002DD19D /* DetailCell.swift in Sources */,
				3015DA6623F30370002DD19D /* APIClient.swift in Sources */,
			);
			runOnlyForDeploymentPostprocessing = 0;
		};
		579023A623F2EE3B000AA216 /* Sources */ = {
			isa = PBXSourcesBuildPhase;
			buildActionMask = 2147483647;
			files = (
				579023AF23F2EE3B000AA216 /* Unit4AssessmentTests.swift in Sources */,
			);
			runOnlyForDeploymentPostprocessing = 0;
		};
/* End PBXSourcesBuildPhase section */

/* Begin PBXTargetDependency section */
		579023AC23F2EE3B000AA216 /* PBXTargetDependency */ = {
			isa = PBXTargetDependency;
			target = 5790239323F2EE39000AA216 /* Unit4Assessment */;
			targetProxy = 579023AB23F2EE3B000AA216 /* PBXContainerItemProxy */;
		};
/* End PBXTargetDependency section */

/* Begin PBXVariantGroup section */
		579023A223F2EE3B000AA216 /* LaunchScreen.storyboard */ = {
			isa = PBXVariantGroup;
			children = (
				579023A323F2EE3B000AA216 /* Base */,
			);
			name = LaunchScreen.storyboard;
			sourceTree = "<group>";
		};
/* End PBXVariantGroup section */

/* Begin XCBuildConfiguration section */
		579023B123F2EE3B000AA216 /* Debug */ = {
			isa = XCBuildConfiguration;
			buildSettings = {
				ALWAYS_SEARCH_USER_PATHS = NO;
				CLANG_ANALYZER_NONNULL = YES;
				CLANG_ANALYZER_NUMBER_OBJECT_CONVERSION = YES_AGGRESSIVE;
				CLANG_CXX_LANGUAGE_STANDARD = "gnu++14";
				CLANG_CXX_LIBRARY = "libc++";
				CLANG_ENABLE_MODULES = YES;
				CLANG_ENABLE_OBJC_ARC = YES;
				CLANG_ENABLE_OBJC_WEAK = YES;
				CLANG_WARN_BLOCK_CAPTURE_AUTORELEASING = YES;
				CLANG_WARN_BOOL_CONVERSION = YES;
				CLANG_WARN_COMMA = YES;
				CLANG_WARN_CONSTANT_CONVERSION = YES;
				CLANG_WARN_DEPRECATED_OBJC_IMPLEMENTATIONS = YES;
				CLANG_WARN_DIRECT_OBJC_ISA_USAGE = YES_ERROR;
				CLANG_WARN_DOCUMENTATION_COMMENTS = YES;
				CLANG_WARN_EMPTY_BODY = YES;
				CLANG_WARN_ENUM_CONVERSION = YES;
				CLANG_WARN_INFINITE_RECURSION = YES;
				CLANG_WARN_INT_CONVERSION = YES;
				CLANG_WARN_NON_LITERAL_NULL_CONVERSION = YES;
				CLANG_WARN_OBJC_IMPLICIT_RETAIN_SELF = YES;
				CLANG_WARN_OBJC_LITERAL_CONVERSION = YES;
				CLANG_WARN_OBJC_ROOT_CLASS = YES_ERROR;
				CLANG_WARN_RANGE_LOOP_ANALYSIS = YES;
				CLANG_WARN_STRICT_PROTOTYPES = YES;
				CLANG_WARN_SUSPICIOUS_MOVE = YES;
				CLANG_WARN_UNGUARDED_AVAILABILITY = YES_AGGRESSIVE;
				CLANG_WARN_UNREACHABLE_CODE = YES;
				CLANG_WARN__DUPLICATE_METHOD_MATCH = YES;
				COPY_PHASE_STRIP = NO;
				DEBUG_INFORMATION_FORMAT = dwarf;
				ENABLE_STRICT_OBJC_MSGSEND = YES;
				ENABLE_TESTABILITY = YES;
				GCC_C_LANGUAGE_STANDARD = gnu11;
				GCC_DYNAMIC_NO_PIC = NO;
				GCC_NO_COMMON_BLOCKS = YES;
				GCC_OPTIMIZATION_LEVEL = 0;
				GCC_PREPROCESSOR_DEFINITIONS = (
					"DEBUG=1",
					"$(inherited)",
				);
				GCC_WARN_64_TO_32_BIT_CONVERSION = YES;
				GCC_WARN_ABOUT_RETURN_TYPE = YES_ERROR;
				GCC_WARN_UNDECLARED_SELECTOR = YES;
				GCC_WARN_UNINITIALIZED_AUTOS = YES_AGGRESSIVE;
				GCC_WARN_UNUSED_FUNCTION = YES;
				GCC_WARN_UNUSED_VARIABLE = YES;
				IPHONEOS_DEPLOYMENT_TARGET = 13.2;
				MTL_ENABLE_DEBUG_INFO = INCLUDE_SOURCE;
				MTL_FAST_MATH = YES;
				ONLY_ACTIVE_ARCH = YES;
				SDKROOT = iphoneos;
				SWIFT_ACTIVE_COMPILATION_CONDITIONS = DEBUG;
				SWIFT_OPTIMIZATION_LEVEL = "-Onone";
			};
			name = Debug;
		};
		579023B223F2EE3B000AA216 /* Release */ = {
			isa = XCBuildConfiguration;
			buildSettings = {
				ALWAYS_SEARCH_USER_PATHS = NO;
				CLANG_ANALYZER_NONNULL = YES;
				CLANG_ANALYZER_NUMBER_OBJECT_CONVERSION = YES_AGGRESSIVE;
				CLANG_CXX_LANGUAGE_STANDARD = "gnu++14";
				CLANG_CXX_LIBRARY = "libc++";
				CLANG_ENABLE_MODULES = YES;
				CLANG_ENABLE_OBJC_ARC = YES;
				CLANG_ENABLE_OBJC_WEAK = YES;
				CLANG_WARN_BLOCK_CAPTURE_AUTORELEASING = YES;
				CLANG_WARN_BOOL_CONVERSION = YES;
				CLANG_WARN_COMMA = YES;
				CLANG_WARN_CONSTANT_CONVERSION = YES;
				CLANG_WARN_DEPRECATED_OBJC_IMPLEMENTATIONS = YES;
				CLANG_WARN_DIRECT_OBJC_ISA_USAGE = YES_ERROR;
				CLANG_WARN_DOCUMENTATION_COMMENTS = YES;
				CLANG_WARN_EMPTY_BODY = YES;
				CLANG_WARN_ENUM_CONVERSION = YES;
				CLANG_WARN_INFINITE_RECURSION = YES;
				CLANG_WARN_INT_CONVERSION = YES;
				CLANG_WARN_NON_LITERAL_NULL_CONVERSION = YES;
				CLANG_WARN_OBJC_IMPLICIT_RETAIN_SELF = YES;
				CLANG_WARN_OBJC_LITERAL_CONVERSION = YES;
				CLANG_WARN_OBJC_ROOT_CLASS = YES_ERROR;
				CLANG_WARN_RANGE_LOOP_ANALYSIS = YES;
				CLANG_WARN_STRICT_PROTOTYPES = YES;
				CLANG_WARN_SUSPICIOUS_MOVE = YES;
				CLANG_WARN_UNGUARDED_AVAILABILITY = YES_AGGRESSIVE;
				CLANG_WARN_UNREACHABLE_CODE = YES;
				CLANG_WARN__DUPLICATE_METHOD_MATCH = YES;
				COPY_PHASE_STRIP = NO;
				DEBUG_INFORMATION_FORMAT = "dwarf-with-dsym";
				ENABLE_NS_ASSERTIONS = NO;
				ENABLE_STRICT_OBJC_MSGSEND = YES;
				GCC_C_LANGUAGE_STANDARD = gnu11;
				GCC_NO_COMMON_BLOCKS = YES;
				GCC_WARN_64_TO_32_BIT_CONVERSION = YES;
				GCC_WARN_ABOUT_RETURN_TYPE = YES_ERROR;
				GCC_WARN_UNDECLARED_SELECTOR = YES;
				GCC_WARN_UNINITIALIZED_AUTOS = YES_AGGRESSIVE;
				GCC_WARN_UNUSED_FUNCTION = YES;
				GCC_WARN_UNUSED_VARIABLE = YES;
				IPHONEOS_DEPLOYMENT_TARGET = 13.2;
				MTL_ENABLE_DEBUG_INFO = NO;
				MTL_FAST_MATH = YES;
				SDKROOT = iphoneos;
				SWIFT_COMPILATION_MODE = wholemodule;
				SWIFT_OPTIMIZATION_LEVEL = "-O";
				VALIDATE_PRODUCT = YES;
			};
			name = Release;
		};
		579023B423F2EE3B000AA216 /* Debug */ = {
			isa = XCBuildConfiguration;
			buildSettings = {
				ASSETCATALOG_COMPILER_APPICON_NAME = AppIcon;
				CODE_SIGN_STYLE = Automatic;
				DEVELOPMENT_TEAM = ZEKMNK5YD3;
				INFOPLIST_FILE = Unit4Assessment/Info.plist;
				IPHONEOS_DEPLOYMENT_TARGET = 13.0;
				LD_RUNPATH_SEARCH_PATHS = (
					"$(inherited)",
					"@executable_path/Frameworks",
				);
				PRODUCT_BUNDLE_IDENTIFIER = com.alexcpaul.Unit4Assessment;
				PRODUCT_NAME = "$(TARGET_NAME)";
				SWIFT_VERSION = 5.0;
				TARGETED_DEVICE_FAMILY = "1,2";
			};
			name = Debug;
		};
		579023B523F2EE3B000AA216 /* Release */ = {
			isa = XCBuildConfiguration;
			buildSettings = {
				ASSETCATALOG_COMPILER_APPICON_NAME = AppIcon;
				CODE_SIGN_STYLE = Automatic;
				DEVELOPMENT_TEAM = ZEKMNK5YD3;
				INFOPLIST_FILE = Unit4Assessment/Info.plist;
				IPHONEOS_DEPLOYMENT_TARGET = 13.0;
				LD_RUNPATH_SEARCH_PATHS = (
					"$(inherited)",
					"@executable_path/Frameworks",
				);
				PRODUCT_BUNDLE_IDENTIFIER = com.alexcpaul.Unit4Assessment;
				PRODUCT_NAME = "$(TARGET_NAME)";
				SWIFT_VERSION = 5.0;
				TARGETED_DEVICE_FAMILY = "1,2";
			};
			name = Release;
		};
		579023B723F2EE3B000AA216 /* Debug */ = {
			isa = XCBuildConfiguration;
			buildSettings = {
				ALWAYS_EMBED_SWIFT_STANDARD_LIBRARIES = YES;
				BUNDLE_LOADER = "$(TEST_HOST)";
				CODE_SIGN_STYLE = Automatic;
				DEVELOPMENT_TEAM = ZEKMNK5YD3;
				INFOPLIST_FILE = Unit4AssessmentTests/Info.plist;
				IPHONEOS_DEPLOYMENT_TARGET = 13.2;
				LD_RUNPATH_SEARCH_PATHS = (
					"$(inherited)",
					"@executable_path/Frameworks",
					"@loader_path/Frameworks",
				);
				PRODUCT_BUNDLE_IDENTIFIER = com.alexcpaul.Unit4AssessmentTests;
				PRODUCT_NAME = "$(TARGET_NAME)";
				SWIFT_VERSION = 5.0;
				TARGETED_DEVICE_FAMILY = "1,2";
				TEST_HOST = "$(BUILT_PRODUCTS_DIR)/Unit4Assessment.app/Unit4Assessment";
			};
			name = Debug;
		};
		579023B823F2EE3B000AA216 /* Release */ = {
			isa = XCBuildConfiguration;
			buildSettings = {
				ALWAYS_EMBED_SWIFT_STANDARD_LIBRARIES = YES;
				BUNDLE_LOADER = "$(TEST_HOST)";
				CODE_SIGN_STYLE = Automatic;
				DEVELOPMENT_TEAM = ZEKMNK5YD3;
				INFOPLIST_FILE = Unit4AssessmentTests/Info.plist;
				IPHONEOS_DEPLOYMENT_TARGET = 13.2;
				LD_RUNPATH_SEARCH_PATHS = (
					"$(inherited)",
					"@executable_path/Frameworks",
					"@loader_path/Frameworks",
				);
				PRODUCT_BUNDLE_IDENTIFIER = com.alexcpaul.Unit4AssessmentTests;
				PRODUCT_NAME = "$(TARGET_NAME)";
				SWIFT_VERSION = 5.0;
				TARGETED_DEVICE_FAMILY = "1,2";
				TEST_HOST = "$(BUILT_PRODUCTS_DIR)/Unit4Assessment.app/Unit4Assessment";
			};
			name = Release;
		};
/* End XCBuildConfiguration section */

/* Begin XCConfigurationList section */
		5790238F23F2EE39000AA216 /* Build configuration list for PBXProject "Unit4Assessment" */ = {
			isa = XCConfigurationList;
			buildConfigurations = (
				579023B123F2EE3B000AA216 /* Debug */,
				579023B223F2EE3B000AA216 /* Release */,
			);
			defaultConfigurationIsVisible = 0;
			defaultConfigurationName = Release;
		};
		579023B323F2EE3B000AA216 /* Build configuration list for PBXNativeTarget "Unit4Assessment" */ = {
			isa = XCConfigurationList;
			buildConfigurations = (
				579023B423F2EE3B000AA216 /* Debug */,
				579023B523F2EE3B000AA216 /* Release */,
			);
			defaultConfigurationIsVisible = 0;
			defaultConfigurationName = Release;
		};
		579023B623F2EE3B000AA216 /* Build configuration list for PBXNativeTarget "Unit4AssessmentTests" */ = {
			isa = XCConfigurationList;
			buildConfigurations = (
				579023B723F2EE3B000AA216 /* Debug */,
				579023B823F2EE3B000AA216 /* Release */,
			);
			defaultConfigurationIsVisible = 0;
			defaultConfigurationName = Release;
		};
/* End XCConfigurationList section */

/* Begin XCRemoteSwiftPackageReference section */
		3015DA6723F304DF002DD19D /* XCRemoteSwiftPackageReference "ImageKit" */ = {
			isa = XCRemoteSwiftPackageReference;
			repositoryURL = "https://github.com/alexpaul/ImageKit";
			requirement = {
				kind = upToNextMajorVersion;
				minimumVersion = 1.0.4;
			};
		};
/* End XCRemoteSwiftPackageReference section */

/* Begin XCSwiftPackageProductDependency section */
		3015DA6823F304DF002DD19D /* ImageKit */ = {
			isa = XCSwiftPackageProductDependency;
			package = 3015DA6723F304DF002DD19D /* XCRemoteSwiftPackageReference "ImageKit" */;
			productName = ImageKit;
		};
/* End XCSwiftPackageProductDependency section */
	};
	rootObject = 5790238C23F2EE39000AA216 /* Project object */;
}
